// !$*UTF8*$!
{
	archiveVersion = 1;
	classes = {
	};
	objectVersion = 56;
	objects = {

/* Begin PBXBuildFile section */
		0621660229869D1A004512C0 /* MorphlingApp.swift in Sources */ = {isa = PBXBuildFile; fileRef = 0621660129869D1A004512C0 /* MorphlingApp.swift */; };
		0621660429869D1A004512C0 /* ContentView.swift in Sources */ = {isa = PBXBuildFile; fileRef = 0621660329869D1A004512C0 /* ContentView.swift */; };
		0621660629869D1C004512C0 /* Assets.xcassets in Resources */ = {isa = PBXBuildFile; fileRef = 0621660529869D1C004512C0 /* Assets.xcassets */; };
		0621660929869D1C004512C0 /* Preview Assets.xcassets in Resources */ = {isa = PBXBuildFile; fileRef = 0621660829869D1C004512C0 /* Preview Assets.xcassets */; };
		062166152986CD63004512C0 /* ColorPickerView.swift in Sources */ = {isa = PBXBuildFile; fileRef = 062166142986CD63004512C0 /* ColorPickerView.swift */; };
		062166172986CE0F004512C0 /* ResultView.swift in Sources */ = {isa = PBXBuildFile; fileRef = 062166162986CE0F004512C0 /* ResultView.swift */; };
		062166192986D7F7004512C0 /* ActionView.swift in Sources */ = {isa = PBXBuildFile; fileRef = 062166182986D7F7004512C0 /* ActionView.swift */; };
		0621661E29872593004512C0 /* OptionView.swift in Sources */ = {isa = PBXBuildFile; fileRef = 0621661D29872593004512C0 /* OptionView.swift */; };
		06BF6564298A64AE00BCC25B /* UserDefaults.swift in Sources */ = {isa = PBXBuildFile; fileRef = 06BF6563298A64AE00BCC25B /* UserDefaults.swift */; };
		06CCB69A298D6C8C009B0F9B /* converter.js in Resources */ = {isa = PBXBuildFile; fileRef = 06CCB699298D6C8C009B0F9B /* converter.js */; };
		06CCB6A3298FB194009B0F9B /* .gitignore in Resources */ = {isa = PBXBuildFile; fileRef = 06CCB6A2298FB194009B0F9B /* .gitignore */; };
		06CCB6A5299002A4009B0F9B /* Credits.rtf in Resources */ = {isa = PBXBuildFile; fileRef = 06CCB6A4299002A4009B0F9B /* Credits.rtf */; };
		06CCB6A729900632009B0F9B /* .github in Resources */ = {isa = PBXBuildFile; fileRef = 06CCB6A629900631009B0F9B /* .github */; };
		06CCB6AB29901DB2009B0F9B /* ExportOptions.plist in Resources */ = {isa = PBXBuildFile; fileRef = 06CCB6AA29901DB2009B0F9B /* ExportOptions.plist */; };
/* End PBXBuildFile section */

/* Begin PBXFileReference section */
		062165FE29869D1A004512C0 /* Morphling.app */ = {isa = PBXFileReference; explicitFileType = wrapper.application; includeInIndex = 0; path = Morphling.app; sourceTree = BUILT_PRODUCTS_DIR; };
		0621660129869D1A004512C0 /* MorphlingApp.swift */ = {isa = PBXFileReference; lastKnownFileType = sourcecode.swift; path = MorphlingApp.swift; sourceTree = "<group>"; };
		0621660329869D1A004512C0 /* ContentView.swift */ = {isa = PBXFileReference; lastKnownFileType = sourcecode.swift; path = ContentView.swift; sourceTree = "<group>"; };
		0621660529869D1C004512C0 /* Assets.xcassets */ = {isa = PBXFileReference; lastKnownFileType = folder.assetcatalog; path = Assets.xcassets; sourceTree = "<group>"; };
		0621660829869D1C004512C0 /* Preview Assets.xcassets */ = {isa = PBXFileReference; lastKnownFileType = folder.assetcatalog; path = "Preview Assets.xcassets"; sourceTree = "<group>"; };
		0621660A29869D1C004512C0 /* Morphling.entitlements */ = {isa = PBXFileReference; lastKnownFileType = text.plist.entitlements; path = Morphling.entitlements; sourceTree = "<group>"; };
		062166142986CD63004512C0 /* ColorPickerView.swift */ = {isa = PBXFileReference; lastKnownFileType = sourcecode.swift; path = ColorPickerView.swift; sourceTree = "<group>"; };
		062166162986CE0F004512C0 /* ResultView.swift */ = {isa = PBXFileReference; lastKnownFileType = sourcecode.swift; path = ResultView.swift; sourceTree = "<group>"; };
		062166182986D7F7004512C0 /* ActionView.swift */ = {isa = PBXFileReference; lastKnownFileType = sourcecode.swift; path = ActionView.swift; sourceTree = "<group>"; };
		0621661D29872593004512C0 /* OptionView.swift */ = {isa = PBXFileReference; lastKnownFileType = sourcecode.swift; path = OptionView.swift; sourceTree = "<group>"; };
		06BF6563298A64AE00BCC25B /* UserDefaults.swift */ = {isa = PBXFileReference; lastKnownFileType = sourcecode.swift; path = UserDefaults.swift; sourceTree = "<group>"; };
		06CCB699298D6C8C009B0F9B /* converter.js */ = {isa = PBXFileReference; fileEncoding = 4; lastKnownFileType = sourcecode.javascript; name = converter.js; path = converter/dist/converter.js; sourceTree = "<group>"; };
		06CCB6A2298FB194009B0F9B /* .gitignore */ = {isa = PBXFileReference; fileEncoding = 4; lastKnownFileType = text; path = .gitignore; sourceTree = SOURCE_ROOT; };
		06CCB6A4299002A4009B0F9B /* Credits.rtf */ = {isa = PBXFileReference; fileEncoding = 4; lastKnownFileType = text.rtf; path = Credits.rtf; sourceTree = "<group>"; };
		06CCB6A629900631009B0F9B /* .github */ = {isa = PBXFileReference; fileEncoding = 4; lastKnownFileType = text; path = .github; sourceTree = SOURCE_ROOT; };
		06CCB6AA29901DB2009B0F9B /* ExportOptions.plist */ = {isa = PBXFileReference; fileEncoding = 4; lastKnownFileType = text.plist.xml; path = ExportOptions.plist; sourceTree = "<group>"; };
/* End PBXFileReference section */

/* Begin PBXFrameworksBuildPhase section */
		062165FB29869D1A004512C0 /* Frameworks */ = {
			isa = PBXFrameworksBuildPhase;
			buildActionMask = 2147483647;
			files = (
			);
			runOnlyForDeploymentPostprocessing = 0;
		};
/* End PBXFrameworksBuildPhase section */

/* Begin PBXGroup section */
		062165F529869D1A004512C0 = {
			isa = PBXGroup;
			children = (
				0621660029869D1A004512C0 /* Morphling */,
				062165FF29869D1A004512C0 /* Products */,
			);
			sourceTree = "<group>";
		};
		062165FF29869D1A004512C0 /* Products */ = {
			isa = PBXGroup;
			children = (
				062165FE29869D1A004512C0 /* Morphling.app */,
			);
			name = Products;
			sourceTree = "<group>";
		};
		0621660029869D1A004512C0 /* Morphling */ = {
			isa = PBXGroup;
			children = (
				06CCB6A1298FB179009B0F9B /* MISC */,
				062166122986A0D7004512C0 /* External */,
				06BF6565298A64B800BCC25B /* ViewModel */,
				062166132986CCC9004512C0 /* View */,
				0621660729869D1C004512C0 /* Preview Content */,
				0621660129869D1A004512C0 /* MorphlingApp.swift */,
				0621660529869D1C004512C0 /* Assets.xcassets */,
				0621660A29869D1C004512C0 /* Morphling.entitlements */,
				06CCB6AA29901DB2009B0F9B /* ExportOptions.plist */,
				06CCB6A4299002A4009B0F9B /* Credits.rtf */,
			);
			path = Morphling;
			sourceTree = "<group>";
		};
		0621660729869D1C004512C0 /* Preview Content */ = {
			isa = PBXGroup;
			children = (
				0621660829869D1C004512C0 /* Preview Assets.xcassets */,
			);
			path = "Preview Content";
			sourceTree = "<group>";
		};
		062166122986A0D7004512C0 /* External */ = {
			isa = PBXGroup;
			children = (
				06CCB699298D6C8C009B0F9B /* converter.js */,
			);
			path = External;
			sourceTree = "<group>";
		};
		062166132986CCC9004512C0 /* View */ = {
			isa = PBXGroup;
			children = (
				062166142986CD63004512C0 /* ColorPickerView.swift */,
				062166162986CE0F004512C0 /* ResultView.swift */,
				0621661D29872593004512C0 /* OptionView.swift */,
				062166182986D7F7004512C0 /* ActionView.swift */,
				0621660329869D1A004512C0 /* ContentView.swift */,
			);
			path = View;
			sourceTree = "<group>";
		};
		06BF6565298A64B800BCC25B /* ViewModel */ = {
			isa = PBXGroup;
			children = (
				06BF6563298A64AE00BCC25B /* UserDefaults.swift */,
			);
			path = ViewModel;
			sourceTree = "<group>";
		};
		06CCB6A1298FB179009B0F9B /* MISC */ = {
			isa = PBXGroup;
			children = (
				06CCB6A629900631009B0F9B /* .github */,
				06CCB6A2298FB194009B0F9B /* .gitignore */,
			);
			name = MISC;
			sourceTree = "<group>";
		};
/* End PBXGroup section */

/* Begin PBXNativeTarget section */
		062165FD29869D1A004512C0 /* Morphling */ = {
			isa = PBXNativeTarget;
			buildConfigurationList = 0621660D29869D1C004512C0 /* Build configuration list for PBXNativeTarget "Morphling" */;
			buildPhases = (
				06CCB6A829900735009B0F9B /* Run SwiftLint */,
				062165FA29869D1A004512C0 /* Sources */,
				062165FB29869D1A004512C0 /* Frameworks */,
				062165FC29869D1A004512C0 /* Resources */,
			);
			buildRules = (
			);
			dependencies = (
			);
			name = Morphling;
			packageProductDependencies = (
			);
			productName = Morphling;
			productReference = 062165FE29869D1A004512C0 /* Morphling.app */;
			productType = "com.apple.product-type.application";
		};
/* End PBXNativeTarget section */

/* Begin PBXProject section */
		062165F629869D1A004512C0 /* Project object */ = {
			isa = PBXProject;
			attributes = {
				BuildIndependentTargetsInParallel = 1;
				LastSwiftUpdateCheck = 1420;
				LastUpgradeCheck = 1420;
				TargetAttributes = {
					062165FD29869D1A004512C0 = {
						CreatedOnToolsVersion = 14.2;
					};
				};
			};
			buildConfigurationList = 062165F929869D1A004512C0 /* Build configuration list for PBXProject "Morphling" */;
			compatibilityVersion = "Xcode 14.0";
			developmentRegion = en;
			hasScannedForEncodings = 0;
			knownRegions = (
				en,
				Base,
			);
			mainGroup = 062165F529869D1A004512C0;
			packageReferences = (
			);
			productRefGroup = 062165FF29869D1A004512C0 /* Products */;
			projectDirPath = "";
			projectRoot = "";
			targets = (
				062165FD29869D1A004512C0 /* Morphling */,
			);
		};
/* End PBXProject section */

/* Begin PBXResourcesBuildPhase section */
		062165FC29869D1A004512C0 /* Resources */ = {
			isa = PBXResourcesBuildPhase;
			buildActionMask = 2147483647;
			files = (
				06CCB6A729900632009B0F9B /* .github in Resources */,
				06CCB6A5299002A4009B0F9B /* Credits.rtf in Resources */,
				06CCB6AB29901DB2009B0F9B /* ExportOptions.plist in Resources */,
				06CCB6A3298FB194009B0F9B /* .gitignore in Resources */,
				0621660929869D1C004512C0 /* Preview Assets.xcassets in Resources */,
				06CCB69A298D6C8C009B0F9B /* converter.js in Resources */,
				0621660629869D1C004512C0 /* Assets.xcassets in Resources */,
			);
			runOnlyForDeploymentPostprocessing = 0;
		};
/* End PBXResourcesBuildPhase section */

/* Begin PBXShellScriptBuildPhase section */
		06CCB6A829900735009B0F9B /* Run SwiftLint */ = {
			isa = PBXShellScriptBuildPhase;
			buildActionMask = 2147483647;
			files = (
			);
			inputFileListPaths = (
			);
			inputPaths = (
			);
			name = "Run SwiftLint";
			outputFileListPaths = (
			);
			outputPaths = (
			);
			runOnlyForDeploymentPostprocessing = 0;
			shellPath = /bin/sh;
			shellScript = "if which swiftlint >/dev/null; then\n  swiftlint\nelse\n  echo \"warning: SwiftLint not installed, download from https://github.com/realm/SwiftLint\"\nfi\n";
		};
/* End PBXShellScriptBuildPhase section */

/* Begin PBXSourcesBuildPhase section */
		062165FA29869D1A004512C0 /* Sources */ = {
			isa = PBXSourcesBuildPhase;
			buildActionMask = 2147483647;
			files = (
				062166192986D7F7004512C0 /* ActionView.swift in Sources */,
				06BF6564298A64AE00BCC25B /* UserDefaults.swift in Sources */,
				0621661E29872593004512C0 /* OptionView.swift in Sources */,
				0621660429869D1A004512C0 /* ContentView.swift in Sources */,
				062166152986CD63004512C0 /* ColorPickerView.swift in Sources */,
				0621660229869D1A004512C0 /* MorphlingApp.swift in Sources */,
				062166172986CE0F004512C0 /* ResultView.swift in Sources */,
			);
			runOnlyForDeploymentPostprocessing = 0;
		};
/* End PBXSourcesBuildPhase section */

/* Begin XCBuildConfiguration section */
		0621660B29869D1C004512C0 /* Debug */ = {
			isa = XCBuildConfiguration;
			buildSettings = {
				ALWAYS_SEARCH_USER_PATHS = NO;
				CLANG_ANALYZER_NONNULL = YES;
				CLANG_ANALYZER_NUMBER_OBJECT_CONVERSION = YES_AGGRESSIVE;
				CLANG_CXX_LANGUAGE_STANDARD = "gnu++20";
				CLANG_ENABLE_MODULES = YES;
				CLANG_ENABLE_OBJC_ARC = YES;
				CLANG_ENABLE_OBJC_WEAK = YES;
				CLANG_WARN_BLOCK_CAPTURE_AUTORELEASING = YES;
				CLANG_WARN_BOOL_CONVERSION = YES;
				CLANG_WARN_COMMA = YES;
				CLANG_WARN_CONSTANT_CONVERSION = YES;
				CLANG_WARN_DEPRECATED_OBJC_IMPLEMENTATIONS = YES;
				CLANG_WARN_DIRECT_OBJC_ISA_USAGE = YES_ERROR;
				CLANG_WARN_DOCUMENTATION_COMMENTS = YES;
				CLANG_WARN_EMPTY_BODY = YES;
				CLANG_WARN_ENUM_CONVERSION = YES;
				CLANG_WARN_INFINITE_RECURSION = YES;
				CLANG_WARN_INT_CONVERSION = YES;
				CLANG_WARN_NON_LITERAL_NULL_CONVERSION = YES;
				CLANG_WARN_OBJC_IMPLICIT_RETAIN_SELF = YES;
				CLANG_WARN_OBJC_LITERAL_CONVERSION = YES;
				CLANG_WARN_OBJC_ROOT_CLASS = YES_ERROR;
				CLANG_WARN_QUOTED_INCLUDE_IN_FRAMEWORK_HEADER = YES;
				CLANG_WARN_RANGE_LOOP_ANALYSIS = YES;
				CLANG_WARN_STRICT_PROTOTYPES = YES;
				CLANG_WARN_SUSPICIOUS_MOVE = YES;
				CLANG_WARN_UNGUARDED_AVAILABILITY = YES_AGGRESSIVE;
				CLANG_WARN_UNREACHABLE_CODE = YES;
				CLANG_WARN__DUPLICATE_METHOD_MATCH = YES;
				COPY_PHASE_STRIP = NO;
				DEBUG_INFORMATION_FORMAT = dwarf;
				ENABLE_STRICT_OBJC_MSGSEND = YES;
				ENABLE_TESTABILITY = YES;
				GCC_C_LANGUAGE_STANDARD = gnu11;
				GCC_DYNAMIC_NO_PIC = NO;
				GCC_NO_COMMON_BLOCKS = YES;
				GCC_OPTIMIZATION_LEVEL = 0;
				GCC_PREPROCESSOR_DEFINITIONS = (
					"DEBUG=1",
					"$(inherited)",
				);
				GCC_WARN_64_TO_32_BIT_CONVERSION = YES;
				GCC_WARN_ABOUT_RETURN_TYPE = YES_ERROR;
				GCC_WARN_UNDECLARED_SELECTOR = YES;
				GCC_WARN_UNINITIALIZED_AUTOS = YES_AGGRESSIVE;
				GCC_WARN_UNUSED_FUNCTION = YES;
				GCC_WARN_UNUSED_VARIABLE = YES;
				MACOSX_DEPLOYMENT_TARGET = 13.1;
				MTL_ENABLE_DEBUG_INFO = INCLUDE_SOURCE;
				MTL_FAST_MATH = YES;
				ONLY_ACTIVE_ARCH = YES;
				SDKROOT = macosx;
				SWIFT_ACTIVE_COMPILATION_CONDITIONS = DEBUG;
				SWIFT_OPTIMIZATION_LEVEL = "-Onone";
			};
			name = Debug;
		};
		0621660C29869D1C004512C0 /* Release */ = {
			isa = XCBuildConfiguration;
			buildSettings = {
				ALWAYS_SEARCH_USER_PATHS = NO;
				CLANG_ANALYZER_NONNULL = YES;
				CLANG_ANALYZER_NUMBER_OBJECT_CONVERSION = YES_AGGRESSIVE;
				CLANG_CXX_LANGUAGE_STANDARD = "gnu++20";
				CLANG_ENABLE_MODULES = YES;
				CLANG_ENABLE_OBJC_ARC = YES;
				CLANG_ENABLE_OBJC_WEAK = YES;
				CLANG_WARN_BLOCK_CAPTURE_AUTORELEASING = YES;
				CLANG_WARN_BOOL_CONVERSION = YES;
				CLANG_WARN_COMMA = YES;
				CLANG_WARN_CONSTANT_CONVERSION = YES;
				CLANG_WARN_DEPRECATED_OBJC_IMPLEMENTATIONS = YES;
				CLANG_WARN_DIRECT_OBJC_ISA_USAGE = YES_ERROR;
				CLANG_WARN_DOCUMENTATION_COMMENTS = YES;
				CLANG_WARN_EMPTY_BODY = YES;
				CLANG_WARN_ENUM_CONVERSION = YES;
				CLANG_WARN_INFINITE_RECURSION = YES;
				CLANG_WARN_INT_CONVERSION = YES;
				CLANG_WARN_NON_LITERAL_NULL_CONVERSION = YES;
				CLANG_WARN_OBJC_IMPLICIT_RETAIN_SELF = YES;
				CLANG_WARN_OBJC_LITERAL_CONVERSION = YES;
				CLANG_WARN_OBJC_ROOT_CLASS = YES_ERROR;
				CLANG_WARN_QUOTED_INCLUDE_IN_FRAMEWORK_HEADER = YES;
				CLANG_WARN_RANGE_LOOP_ANALYSIS = YES;
				CLANG_WARN_STRICT_PROTOTYPES = YES;
				CLANG_WARN_SUSPICIOUS_MOVE = YES;
				CLANG_WARN_UNGUARDED_AVAILABILITY = YES_AGGRESSIVE;
				CLANG_WARN_UNREACHABLE_CODE = YES;
				CLANG_WARN__DUPLICATE_METHOD_MATCH = YES;
				COPY_PHASE_STRIP = NO;
				DEBUG_INFORMATION_FORMAT = "dwarf-with-dsym";
				ENABLE_NS_ASSERTIONS = NO;
				ENABLE_STRICT_OBJC_MSGSEND = YES;
				GCC_C_LANGUAGE_STANDARD = gnu11;
				GCC_NO_COMMON_BLOCKS = YES;
				GCC_WARN_64_TO_32_BIT_CONVERSION = YES;
				GCC_WARN_ABOUT_RETURN_TYPE = YES_ERROR;
				GCC_WARN_UNDECLARED_SELECTOR = YES;
				GCC_WARN_UNINITIALIZED_AUTOS = YES_AGGRESSIVE;
				GCC_WARN_UNUSED_FUNCTION = YES;
				GCC_WARN_UNUSED_VARIABLE = YES;
				MACOSX_DEPLOYMENT_TARGET = 13.1;
				MTL_ENABLE_DEBUG_INFO = NO;
				MTL_FAST_MATH = YES;
				SDKROOT = macosx;
				SWIFT_COMPILATION_MODE = wholemodule;
				SWIFT_OPTIMIZATION_LEVEL = "-O";
			};
			name = Release;
		};
		0621660E29869D1C004512C0 /* Debug */ = {
			isa = XCBuildConfiguration;
			buildSettings = {
				ASSETCATALOG_COMPILER_APPICON_NAME = AppIcon;
				ASSETCATALOG_COMPILER_GLOBAL_ACCENT_COLOR_NAME = AccentColor;
				CODE_SIGN_ENTITLEMENTS = Morphling/Morphling.entitlements;
				CODE_SIGN_IDENTITY = "Apple Development";
				"CODE_SIGN_IDENTITY[sdk=macosx*]" = "Apple Development";
				CODE_SIGN_STYLE = Automatic;
				COMBINE_HIDPI_IMAGES = YES;
				CURRENT_PROJECT_VERSION = 1;
				DEVELOPMENT_ASSET_PATHS = "\"Morphling/Preview Content\"";
				DEVELOPMENT_TEAM = 6S52LG3NA5;
				ENABLE_HARDENED_RUNTIME = YES;
				ENABLE_PREVIEWS = YES;
				GENERATE_INFOPLIST_FILE = YES;
				INFOPLIST_KEY_LSApplicationCategoryType = "public.app-category.developer-tools";
				INFOPLIST_KEY_NSHumanReadableCopyright = "Copyright © 2023 SvenFE";
				LD_RUNPATH_SEARCH_PATHS = (
					"$(inherited)",
					"@executable_path/../Frameworks",
				);
				MARKETING_VERSION = 1.0.0;
				PRODUCT_BUNDLE_IDENTIFIER = com.shensven.morphling;
				PRODUCT_NAME = "$(TARGET_NAME)";
				PROVISIONING_PROFILE_SPECIFIER = "";
				SWIFT_EMIT_LOC_STRINGS = YES;
				SWIFT_VERSION = 5.0;
			};
			name = Debug;
		};
		0621660F29869D1C004512C0 /* Release */ = {
			isa = XCBuildConfiguration;
			buildSettings = {
				ASSETCATALOG_COMPILER_APPICON_NAME = AppIcon;
				ASSETCATALOG_COMPILER_GLOBAL_ACCENT_COLOR_NAME = AccentColor;
				CODE_SIGN_ENTITLEMENTS = Morphling/Morphling.entitlements;
				CODE_SIGN_IDENTITY = "Apple Development";
				"CODE_SIGN_IDENTITY[sdk=macosx*]" = "3rd Party Mac Developer Application";
				CODE_SIGN_STYLE = Manual;
				COMBINE_HIDPI_IMAGES = YES;
				CURRENT_PROJECT_VERSION = 1;
				DEVELOPMENT_ASSET_PATHS = "\"Morphling/Preview Content\"";
				DEVELOPMENT_TEAM = "";
				"DEVELOPMENT_TEAM[sdk=macosx*]" = 6S52LG3NA5;
				ENABLE_HARDENED_RUNTIME = YES;
				ENABLE_PREVIEWS = YES;
				GENERATE_INFOPLIST_FILE = YES;
				INFOPLIST_KEY_LSApplicationCategoryType = "public.app-category.developer-tools";
				INFOPLIST_KEY_NSHumanReadableCopyright = "Copyright © 2023 SvenFE";
				LD_RUNPATH_SEARCH_PATHS = (
					"$(inherited)",
					"@executable_path/../Frameworks",
				);
				MARKETING_VERSION = 1.0.0;
				PRODUCT_BUNDLE_IDENTIFIER = com.shensven.morphling;
				PRODUCT_NAME = "$(TARGET_NAME)";
				PROVISIONING_PROFILE_SPECIFIER = "";
				"PROVISIONING_PROFILE_SPECIFIER[sdk=macosx*]" = "Morphling Distribution";
				SWIFT_EMIT_LOC_STRINGS = YES;
				SWIFT_VERSION = 5.0;
			};
			name = Release;
		};
/* End XCBuildConfiguration section */

/* Begin XCConfigurationList section */
		062165F929869D1A004512C0 /* Build configuration list for PBXProject "Morphling" */ = {
			isa = XCConfigurationList;
			buildConfigurations = (
				0621660B29869D1C004512C0 /* Debug */,
				0621660C29869D1C004512C0 /* Release */,
			);
			defaultConfigurationIsVisible = 0;
			defaultConfigurationName = Release;
		};
		0621660D29869D1C004512C0 /* Build configuration list for PBXNativeTarget "Morphling" */ = {
			isa = XCConfigurationList;
			buildConfigurations = (
				0621660E29869D1C004512C0 /* Debug */,
				0621660F29869D1C004512C0 /* Release */,
			);
			defaultConfigurationIsVisible = 0;
			defaultConfigurationName = Release;
		};
/* End XCConfigurationList section */
	};
	rootObject = 062165F629869D1A004512C0 /* Project object */;
}
